{
  "name": "cfw-bindings-wrangler-bridge",
  "version": "0.5.0",
  "lockfileVersion": 3,
  "requires": true,
  "packages": {
    "": {
      "name": "cfw-bindings-wrangler-bridge",
      "version": "0.5.0",
      "license": "MIT",
      "dependencies": {
        "devalue": "^4.3.2"
      },
      "devDependencies": {
        "@cloudflare/workers-types": "^4.20230710.1",
        "@types/node": "^20.4.2",
        "typescript": "^5.1.6"
      }
    },
    "node_modules/@cloudflare/workers-types": {
      "version": "4.20230710.1",
      "resolved": "https://registry.npmjs.org/@cloudflare/workers-types/-/workers-types-4.20230710.1.tgz",
      "integrity": "sha512-VqEY/ZqyHKBn6ivdePSWebpqojwbCXVEuwLkMYHs0UoOAqcGylkVcabdZYdQJKeNxXcOUZ9UBId/x9UsPUm2XQ==",
      "dev": true
    },
    "node_modules/@types/node": {
      "version": "20.4.2",
      "resolved": "https://registry.npmjs.org/@types/node/-/node-20.4.2.tgz",
      "integrity": "sha512-Dd0BYtWgnWJKwO1jkmTrzofjK2QXXcai0dmtzvIBhcA+RsG5h8R3xlyta0kGOZRNfL9GuRtb1knmPEhQrePCEw==",
      "dev": true
    },
    "node_modules/devalue": {
      "version": "4.3.2",
      "resolved": "https://registry.npmjs.org/devalue/-/devalue-4.3.2.tgz",
      "integrity": "sha512-KqFl6pOgOW+Y6wJgu80rHpo2/3H07vr8ntR9rkkFIRETewbf5GaYYcakYfiKz89K+sLsuPkQIZaXDMjUObZwWg=="
    },
    "node_modules/typescript": {
      "version": "5.1.6",
      "resolved": "https://registry.npmjs.org/typescript/-/typescript-5.1.6.tgz",
      "integrity": "sha512-zaWCozRZ6DLEWAWFrVDz1H6FVXzUSfTy5FUMWsQlU8Ym5JP9eO4xkTIROFCQvhQf61z6O/G6ugw3SgAnvvm+HA==",
      "dev": true,
      "bin": {
        "tsc": "bin/tsc",
        "tsserver": "bin/tsserver"
      },
      "engines": {
        "node": ">=14.17"
      }
    }
  }
}
