{
  "name": "cfw-bindings-wrangler-bridge",
  "version": "0.7.0",
  "lockfileVersion": 3,
  "requires": true,
  "packages": {
    "": {
      "name": "cfw-bindings-wrangler-bridge",
      "version": "0.7.0",
      "license": "MIT",
      "dependencies": {
        "devalue": "^4.3.2"
      },
      "devDependencies": {
        "@cloudflare/workers-types": "^4.20230717.1",
        "@types/node": "^20.4.4",
        "typescript": "^5.1.6"
      }
    },
    "node_modules/@cloudflare/workers-types": {
      "version": "4.20230717.1",
      "resolved": "https://registry.npmjs.org/@cloudflare/workers-types/-/workers-types-4.20230717.1.tgz",
      "integrity": "sha512-JmtYqsn/rc0gq83rlgItGsh/aJsTQh6ebJTDbq794kGOH7ym6MlpLtbCJj/Qz+hCPgdqoHDOLTlQQguARLi78A==",
      "dev": true
    },
    "node_modules/@types/node": {
      "version": "20.4.4",
      "resolved": "https://registry.npmjs.org/@types/node/-/node-20.4.4.tgz",
      "integrity": "sha512-CukZhumInROvLq3+b5gLev+vgpsIqC2D0deQr/yS1WnxvmYLlJXZpaQrQiseMY+6xusl79E04UjWoqyr+t1/Ew==",
      "dev": true
    },
    "node_modules/devalue": {
      "version": "4.3.2",
      "resolved": "https://registry.npmjs.org/devalue/-/devalue-4.3.2.tgz",
      "integrity": "sha512-KqFl6pOgOW+Y6wJgu80rHpo2/3H07vr8ntR9rkkFIRETewbf5GaYYcakYfiKz89K+sLsuPkQIZaXDMjUObZwWg=="
    },
    "node_modules/typescript": {
      "version": "5.1.6",
      "resolved": "https://registry.npmjs.org/typescript/-/typescript-5.1.6.tgz",
      "integrity": "sha512-zaWCozRZ6DLEWAWFrVDz1H6FVXzUSfTy5FUMWsQlU8Ym5JP9eO4xkTIROFCQvhQf61z6O/G6ugw3SgAnvvm+HA==",
      "dev": true,
      "bin": {
        "tsc": "bin/tsc",
        "tsserver": "bin/tsserver"
      },
      "engines": {
        "node": ">=14.17"
      }
    }
  }
}
