{
  "name": "cfw-bindings-wrangler-bridge",
  "version": "0.2.1",
  "lockfileVersion": 3,
  "requires": true,
  "packages": {
    "": {
      "name": "cfw-bindings-wrangler-bridge",
      "version": "0.2.1",
      "license": "MIT",
      "devDependencies": {
        "@cloudflare/workers-types": "^4.20230628.0"
      }
    },
    "node_modules/@cloudflare/workers-types": {
      "version": "4.20230628.0",
      "resolved": "https://registry.npmjs.org/@cloudflare/workers-types/-/workers-types-4.20230628.0.tgz",
      "integrity": "sha512-dpOFJJPEEWahLJKhj+xRY+VwXu/s/634CVsLVnTNDCfs2KXZx9nwQ/04M0OKBJFdc6jheWwAAv/AGvRvrTDkDg==",
      "dev": true
    }
  }
}
